
Microsoft Visual Studio Solution File, Format Version 12.00
# Visual Studio Version 16
VisualStudioVersion = 16.0.30907.101
MinimumVisualStudioVersion = 10.0.40219.1
Project("{FAE04EC0-301F-11D3-BF4B-00C04F79EFBC}") = "CodeProgramm", "CodeProgramm\CodeProgramm.csproj", "{F4784CA7-7CBF-41D1-8AD9-A2204481A6AF}"
EndProject
Global
	GlobalSection(SolutionConfigurationPlatforms) = preSolution
		Debug|Any CPU = Debug|Any CPU
		Release|Any CPU = Release|Any CPU
	EndGlobalSection
	GlobalSection(ProjectConfigurationPlatforms) = postSolution
		{F4784CA7-7CBF-41D1-8AD9-A2204481A6AF}.Debug|Any CPU.ActiveCfg = Debug|Any CPU
		{F4784CA7-7CBF-41D1-8AD9-A2204481A6AF}.Debug|Any CPU.Build.0 = Debug|Any CPU
		{F4784CA7-7CBF-41D1-8AD9-A2204481A6AF}.Release|Any CPU.ActiveCfg = Release|Any CPU
		{F4784CA7-7CBF-41D1-8AD9-A2204481A6AF}.Release|Any CPU.Build.0 = Release|Any CPU
	EndGlobalSection
	GlobalSection(SolutionProperties) = preSolution
		HideSolutionNode = FALSE
	EndGlobalSection
	GlobalSection(ExtensibilityGlobals) = postSolution
		SolutionGuid = {8984C7FD-1994-484C-9264-AB2733F0CD80}
	EndGlobalSection
EndGlobal
